
Microsoft Visual Studio Solution File, Format Version 12.00
# Visual Studio 15
VisualStudioVersion = 15.0.28307.779
MinimumVisualStudioVersion = 10.0.40219.1
Project("{FAE04EC0-301F-11D3-BF4B-00C04F79EFBC}") = "UIAutomationTestSuite", "UIAutomationTestSuite\UIAutomationTestSuite.csproj", "{6C0F865E-FB86-476C-B479-4BC9CB2791FC}"
EndProject
Project("{FAE04EC0-301F-11D3-BF4B-00C04F79EFBC}") = "UIAutomationTestFramework", "UIAutomationTestFramework\UIAutomationTestFramework.csproj", "{3108CA52-0271-41E1-A76F-7CD2926BB8B1}"
EndProject
Global
	GlobalSection(SolutionConfigurationPlatforms) = preSolution
		Debug|Any CPU = Debug|Any CPU
		Release|Any CPU = Release|Any CPU
	EndGlobalSection
	GlobalSection(ProjectConfigurationPlatforms) = postSolution
		{6C0F865E-FB86-476C-B479-4BC9CB2791FC}.Debug|Any CPU.ActiveCfg = Debug|Any CPU
		{6C0F865E-FB86-476C-B479-4BC9CB2791FC}.Debug|Any CPU.Build.0 = Debug|Any CPU
		{6C0F865E-FB86-476C-B479-4BC9CB2791FC}.Release|Any CPU.ActiveCfg = Release|Any CPU
		{6C0F865E-FB86-476C-B479-4BC9CB2791FC}.Release|Any CPU.Build.0 = Release|Any CPU
		{3108CA52-0271-41E1-A76F-7CD2926BB8B1}.Debug|Any CPU.ActiveCfg = Debug|Any CPU
		{3108CA52-0271-41E1-A76F-7CD2926BB8B1}.Debug|Any CPU.Build.0 = Debug|Any CPU
		{3108CA52-0271-41E1-A76F-7CD2926BB8B1}.Release|Any CPU.ActiveCfg = Release|Any CPU
		{3108CA52-0271-41E1-A76F-7CD2926BB8B1}.Release|Any CPU.Build.0 = Release|Any CPU
	EndGlobalSection
	GlobalSection(SolutionProperties) = preSolution
		HideSolutionNode = FALSE
	EndGlobalSection
	GlobalSection(ExtensibilityGlobals) = postSolution
		SolutionGuid = {AB4509E2-5FE9-47CB-AABD-46472BEAF2EF}
	EndGlobalSection
EndGlobal
